
Microsoft Visual Studio Solution File, Format Version 12.00
# Visual Studio Version 17
VisualStudioVersion = 17.2.32526.322
MinimumVisualStudioVersion = 10.0.40219.1
Project("{9A19103F-16F7-4668-BE54-9A1E7A4F7556}") = "01.01.HelloApp", "01.01.HelloApp\01.01.HelloApp.csproj", "{D3B82657-53BF-4A66-82B7-9711ED8D96C3}"
EndProject
Project("{9A19103F-16F7-4668-BE54-9A1E7A4F7556}") = "01.02.ParametrsAndConst", "01.02.ParametrsAndConst\01.02.ParametrsAndConst.csproj", "{CD659C37-ECA1-4A94-B13C-030FDD44248A}"
EndProject
Project("{9A19103F-16F7-4668-BE54-9A1E7A4F7556}") = "01.03.Literals", "01.03.Literals\01.03.Literals.csproj", "{71874500-2D03-42DE-842F-1E170E692824}"
EndProject
Project("{9A19103F-16F7-4668-BE54-9A1E7A4F7556}") = "01.04.DataTypes", "01.04.DataTypes\01.04.DataTypes.csproj", "{14739492-C495-4660-AD23-0FABBACF7AB5}"
EndProject
Project("{9A19103F-16F7-4668-BE54-9A1E7A4F7556}") = "01.05.ConsoleIO", "01.05.ConsoleIO\01.05.ConsoleIO.csproj", "{203C8823-C3D4-4A8A-9F5D-191DF37FFE08}"
EndProject
Project("{9A19103F-16F7-4668-BE54-9A1E7A4F7556}") = "01.06.ArithmeticOperations", "01.06.ArithmeticOperations\01.06.ArithmeticOperations.csproj", "{7E3FBB99-D4CF-47E5-9F6B-82640E1E5639}"
EndProject
Project("{9A19103F-16F7-4668-BE54-9A1E7A4F7556}") = "01.07.BitwiseOperations", "01.07.BitwiseOperations\01.07.BitwiseOperations.csproj", "{80ADECFC-6825-4E85-9881-4C175C64D9E2}"
EndProject
Project("{9A19103F-16F7-4668-BE54-9A1E7A4F7556}") = "01.08.AssignmentOperations", "01.08.AssignmentOperations\01.08.AssignmentOperations.csproj", "{C8ADAA98-B3B7-4074-A783-1059ACA821CF}"
EndProject
Project("{9A19103F-16F7-4668-BE54-9A1E7A4F7556}") = "01.09. BaseTypeConversions", "01.09. BaseTypeConversions\01.09. BaseTypeConversions.csproj", "{E61CB1EC-9207-4234-AE71-904BE45E652D}"
EndProject
Project("{9A19103F-16F7-4668-BE54-9A1E7A4F7556}") = "01.10.BooleanExpressions", "01.10.BooleanExpressions\01.10.BooleanExpressions.csproj", "{70A6A79F-7788-4FB0-BE23-50B8A5D46429}"
EndProject
Project("{9A19103F-16F7-4668-BE54-9A1E7A4F7556}") = "01.11.IfElseOperators", "01.11.IfElseOperators\01.11.IfElseOperators.csproj", "{0A0164AB-E2F8-4A75-9B57-54A9C4D557A5}"
EndProject
Project("{9A19103F-16F7-4668-BE54-9A1E7A4F7556}") = "01.11.01.HomeworkIfEsle", "01.11.01.HomeworkIfEsle\01.11.01.HomeworkIfEsle.csproj", "{BD61EA8E-9009-49E1-BA53-9D52D38B6DE2}"
EndProject
Project("{9A19103F-16F7-4668-BE54-9A1E7A4F7556}") = "01.11.02.HomeworkIfEsle", "01.11.02.HomeworkIfEsle\01.11.02.HomeworkIfEsle.csproj", "{3843E52F-9A60-4518-9CC7-E1D7787BA0E5}"
EndProject
Project("{9A19103F-16F7-4668-BE54-9A1E7A4F7556}") = "01.11.03.HomeworkIfEsle", "01.11.03.HomeworkIfEsle\01.11.03.HomeworkIfEsle.csproj", "{B94C7A0C-EA0D-4122-8402-335F73F4B8E7}"
EndProject
Project("{9A19103F-16F7-4668-BE54-9A1E7A4F7556}") = "01.11.04.HomeworkIfEsle", "01.11.04.HomeworkIfEsle\01.11.04.HomeworkIfEsle.csproj", "{04620359-8CF9-40AF-A7F0-AF6001F1E2A0}"
EndProject
Project("{9A19103F-16F7-4668-BE54-9A1E7A4F7556}") = "01.11.05.HomeworkIfEsle", "01.11.05.HomeworkIfEsle\01.11.05.HomeworkIfEsle.csproj", "{443AD401-DD8D-4AC4-BFF3-4AC625DBD53E}"
EndProject
Project("{9A19103F-16F7-4668-BE54-9A1E7A4F7556}") = "01.12.CyclesForFoeachWhileDoWhile", "01.12.CyclesForFoeachWhileDoWhile\01.12.CyclesForFoeachWhileDoWhile.csproj", "{D0EF0E0E-DD12-4CE2-91B8-D476352725FA}"
EndProject
Project("{9A19103F-16F7-4668-BE54-9A1E7A4F7556}") = "01.12.01.HomeworkCycles", "01.12.01.HomeworkCycles\01.12.01.HomeworkCycles.csproj", "{34DEFCDC-59B9-40A2-BD2A-B9F3E687FE08}"
EndProject
Project("{9A19103F-16F7-4668-BE54-9A1E7A4F7556}") = "01.12.02.HomeworkCycles", "01.12.02.HomeworkCycles\01.12.02.HomeworkCycles.csproj", "{4D29493A-1C8B-4086-90B7-84965DD6F21A}"
EndProject
Project("{9A19103F-16F7-4668-BE54-9A1E7A4F7556}") = "01.12.03.HomeworkCycles", "01.12.03.HomeworkCycles\01.12.03.HomeworkCycles.csproj", "{1684FF55-8F0B-4126-B70F-0C502B2B3AF0}"
EndProject
Project("{9A19103F-16F7-4668-BE54-9A1E7A4F7556}") = "01.12.04.HomeworkCycles", "01.12.04.HomeworkCycles\01.12.04.HomeworkCycles.csproj", "{1AF97F09-B779-4568-8E07-C0DF9DA5A9C1}"
EndProject
Project("{9A19103F-16F7-4668-BE54-9A1E7A4F7556}") = "01.13.Arrays", "01.13.Arrays\01.13.Arrays.csproj", "{19C43C97-B66D-4A62-A4DD-473B6712DC0C}"
EndProject
Project("{9A19103F-16F7-4668-BE54-9A1E7A4F7556}") = "01.13.01.HomeworkArrays", "01.13.01.HomeworkArrays\01.13.01.HomeworkArrays.csproj", "{68F8E13D-CB4E-4D50-80F1-21B5F2C70BC2}"
EndProject
Project("{9A19103F-16F7-4668-BE54-9A1E7A4F7556}") = "01.14.TasksWithArrays", "01.14.TasksWithArrays\01.14.TasksWithArrays.csproj", "{7104341E-C26F-4A53-AAD5-A1A9CBCE1916}"
EndProject
Project("{9A19103F-16F7-4668-BE54-9A1E7A4F7556}") = "01.15.Methods", "01.15.Metods\01.15.Methods.csproj", "{DA629AF3-A5C9-41AB-ADCB-0ECE6F99F845}"
EndProject
Project("{9A19103F-16F7-4668-BE54-9A1E7A4F7556}") = "01.16.MethodsParams", "01.16.MethodsParams\01.16.MethodsParams.csproj", "{53A92D86-57B4-426A-B784-69C51F13E013}"
EndProject
Project("{9A19103F-16F7-4668-BE54-9A1E7A4F7556}") = "01.17.Return", "01.17.Return\01.17.Return.csproj", "{ADFDC425-FD09-4038-BB4A-67984D711B0B}"
EndProject
Project("{9A19103F-16F7-4668-BE54-9A1E7A4F7556}") = "1.18.RefOut", "1.18.RefOut\1.18.RefOut.csproj", "{13094631-1D6A-4165-B7DF-73B7B614A329}"
EndProject
Project("{FAE04EC0-301F-11D3-BF4B-00C04F79EFBC}") = "1.19.Params", "1.19.Params\1.19.Params.csproj", "{3C84E8F8-DD10-4C5B-A142-72AF67D2FC81}"
EndProject
Project("{FAE04EC0-301F-11D3-BF4B-00C04F79EFBC}") = "1.20.RecursiveFunctions", "1.20.RecursiveFunctions\1.20.RecursiveFunctions.csproj", "{73061852-3FAC-4FFD-B093-D3C93F71EDF9}"
EndProject
Project("{FAE04EC0-301F-11D3-BF4B-00C04F79EFBC}") = "1.21.LocalFunctions", "1.21.LocalFunctions\1.21.LocalFunctions.csproj", "{0D88D8BE-AF2A-40EA-8A9F-07AE4C58D245}"
EndProject
Project("{FAE04EC0-301F-11D3-BF4B-00C04F79EFBC}") = "1.22.SwitchCase", "1.22.SwitchCase\1.22.SwitchCase.csproj", "{94C0710A-8BE4-493E-8578-6379ECDDBEED}"
EndProject
Project("{FAE04EC0-301F-11D3-BF4B-00C04F79EFBC}") = "1.22.01.HomeworkSwitchCase", "1.22.01.HomeworkSwitchCase\1.22.01.HomeworkSwitchCase.csproj", "{7B0EAB09-42DA-4E73-923A-AFC33A207122}"
EndProject
Project("{FAE04EC0-301F-11D3-BF4B-00C04F79EFBC}") = "1.23.Emun", "1.23.Emun\1.23.Emun.csproj", "{F2952117-4040-46FF-948E-45DD7C087C85}"
EndProject
Global
	GlobalSection(SolutionConfigurationPlatforms) = preSolution
		Debug|Any CPU = Debug|Any CPU
		Release|Any CPU = Release|Any CPU
	EndGlobalSection
	GlobalSection(ProjectConfigurationPlatforms) = postSolution
		{D3B82657-53BF-4A66-82B7-9711ED8D96C3}.Debug|Any CPU.ActiveCfg = Debug|Any CPU
		{D3B82657-53BF-4A66-82B7-9711ED8D96C3}.Debug|Any CPU.Build.0 = Debug|Any CPU
		{D3B82657-53BF-4A66-82B7-9711ED8D96C3}.Release|Any CPU.ActiveCfg = Release|Any CPU
		{D3B82657-53BF-4A66-82B7-9711ED8D96C3}.Release|Any CPU.Build.0 = Release|Any CPU
		{CD659C37-ECA1-4A94-B13C-030FDD44248A}.Debug|Any CPU.ActiveCfg = Debug|Any CPU
		{CD659C37-ECA1-4A94-B13C-030FDD44248A}.Debug|Any CPU.Build.0 = Debug|Any CPU
		{CD659C37-ECA1-4A94-B13C-030FDD44248A}.Release|Any CPU.ActiveCfg = Release|Any CPU
		{CD659C37-ECA1-4A94-B13C-030FDD44248A}.Release|Any CPU.Build.0 = Release|Any CPU
		{71874500-2D03-42DE-842F-1E170E692824}.Debug|Any CPU.ActiveCfg = Debug|Any CPU
		{71874500-2D03-42DE-842F-1E170E692824}.Debug|Any CPU.Build.0 = Debug|Any CPU
		{71874500-2D03-42DE-842F-1E170E692824}.Release|Any CPU.ActiveCfg = Release|Any CPU
		{71874500-2D03-42DE-842F-1E170E692824}.Release|Any CPU.Build.0 = Release|Any CPU
		{14739492-C495-4660-AD23-0FABBACF7AB5}.Debug|Any CPU.ActiveCfg = Debug|Any CPU
		{14739492-C495-4660-AD23-0FABBACF7AB5}.Debug|Any CPU.Build.0 = Debug|Any CPU
		{14739492-C495-4660-AD23-0FABBACF7AB5}.Release|Any CPU.ActiveCfg = Release|Any CPU
		{14739492-C495-4660-AD23-0FABBACF7AB5}.Release|Any CPU.Build.0 = Release|Any CPU
		{203C8823-C3D4-4A8A-9F5D-191DF37FFE08}.Debug|Any CPU.ActiveCfg = Debug|Any CPU
		{203C8823-C3D4-4A8A-9F5D-191DF37FFE08}.Debug|Any CPU.Build.0 = Debug|Any CPU
		{203C8823-C3D4-4A8A-9F5D-191DF37FFE08}.Release|Any CPU.ActiveCfg = Release|Any CPU
		{203C8823-C3D4-4A8A-9F5D-191DF37FFE08}.Release|Any CPU.Build.0 = Release|Any CPU
		{7E3FBB99-D4CF-47E5-9F6B-82640E1E5639}.Debug|Any CPU.ActiveCfg = Debug|Any CPU
		{7E3FBB99-D4CF-47E5-9F6B-82640E1E5639}.Debug|Any CPU.Build.0 = Debug|Any CPU
		{7E3FBB99-D4CF-47E5-9F6B-82640E1E5639}.Release|Any CPU.ActiveCfg = Release|Any CPU
		{7E3FBB99-D4CF-47E5-9F6B-82640E1E5639}.Release|Any CPU.Build.0 = Release|Any CPU
		{80ADECFC-6825-4E85-9881-4C175C64D9E2}.Debug|Any CPU.ActiveCfg = Debug|Any CPU
		{80ADECFC-6825-4E85-9881-4C175C64D9E2}.Debug|Any CPU.Build.0 = Debug|Any CPU
		{80ADECFC-6825-4E85-9881-4C175C64D9E2}.Release|Any CPU.ActiveCfg = Release|Any CPU
		{80ADECFC-6825-4E85-9881-4C175C64D9E2}.Release|Any CPU.Build.0 = Release|Any CPU
		{C8ADAA98-B3B7-4074-A783-1059ACA821CF}.Debug|Any CPU.ActiveCfg = Debug|Any CPU
		{C8ADAA98-B3B7-4074-A783-1059ACA821CF}.Debug|Any CPU.Build.0 = Debug|Any CPU
		{C8ADAA98-B3B7-4074-A783-1059ACA821CF}.Release|Any CPU.ActiveCfg = Release|Any CPU
		{C8ADAA98-B3B7-4074-A783-1059ACA821CF}.Release|Any CPU.Build.0 = Release|Any CPU
		{E61CB1EC-9207-4234-AE71-904BE45E652D}.Debug|Any CPU.ActiveCfg = Debug|Any CPU
		{E61CB1EC-9207-4234-AE71-904BE45E652D}.Debug|Any CPU.Build.0 = Debug|Any CPU
		{E61CB1EC-9207-4234-AE71-904BE45E652D}.Release|Any CPU.ActiveCfg = Release|Any CPU
		{E61CB1EC-9207-4234-AE71-904BE45E652D}.Release|Any CPU.Build.0 = Release|Any CPU
		{70A6A79F-7788-4FB0-BE23-50B8A5D46429}.Debug|Any CPU.ActiveCfg = Debug|Any CPU
		{70A6A79F-7788-4FB0-BE23-50B8A5D46429}.Debug|Any CPU.Build.0 = Debug|Any CPU
		{70A6A79F-7788-4FB0-BE23-50B8A5D46429}.Release|Any CPU.ActiveCfg = Release|Any CPU
		{70A6A79F-7788-4FB0-BE23-50B8A5D46429}.Release|Any CPU.Build.0 = Release|Any CPU
		{0A0164AB-E2F8-4A75-9B57-54A9C4D557A5}.Debug|Any CPU.ActiveCfg = Debug|Any CPU
		{0A0164AB-E2F8-4A75-9B57-54A9C4D557A5}.Debug|Any CPU.Build.0 = Debug|Any CPU
		{0A0164AB-E2F8-4A75-9B57-54A9C4D557A5}.Release|Any CPU.ActiveCfg = Release|Any CPU
		{0A0164AB-E2F8-4A75-9B57-54A9C4D557A5}.Release|Any CPU.Build.0 = Release|Any CPU
		{BD61EA8E-9009-49E1-BA53-9D52D38B6DE2}.Debug|Any CPU.ActiveCfg = Debug|Any CPU
		{BD61EA8E-9009-49E1-BA53-9D52D38B6DE2}.Debug|Any CPU.Build.0 = Debug|Any CPU
		{BD61EA8E-9009-49E1-BA53-9D52D38B6DE2}.Release|Any CPU.ActiveCfg = Release|Any CPU
		{BD61EA8E-9009-49E1-BA53-9D52D38B6DE2}.Release|Any CPU.Build.0 = Release|Any CPU
		{3843E52F-9A60-4518-9CC7-E1D7787BA0E5}.Debug|Any CPU.ActiveCfg = Debug|Any CPU
		{3843E52F-9A60-4518-9CC7-E1D7787BA0E5}.Debug|Any CPU.Build.0 = Debug|Any CPU
		{3843E52F-9A60-4518-9CC7-E1D7787BA0E5}.Release|Any CPU.ActiveCfg = Release|Any CPU
		{3843E52F-9A60-4518-9CC7-E1D7787BA0E5}.Release|Any CPU.Build.0 = Release|Any CPU
		{B94C7A0C-EA0D-4122-8402-335F73F4B8E7}.Debug|Any CPU.ActiveCfg = Debug|Any CPU
		{B94C7A0C-EA0D-4122-8402-335F73F4B8E7}.Debug|Any CPU.Build.0 = Debug|Any CPU
		{B94C7A0C-EA0D-4122-8402-335F73F4B8E7}.Release|Any CPU.ActiveCfg = Release|Any CPU
		{B94C7A0C-EA0D-4122-8402-335F73F4B8E7}.Release|Any CPU.Build.0 = Release|Any CPU
		{04620359-8CF9-40AF-A7F0-AF6001F1E2A0}.Debug|Any CPU.ActiveCfg = Debug|Any CPU
		{04620359-8CF9-40AF-A7F0-AF6001F1E2A0}.Debug|Any CPU.Build.0 = Debug|Any CPU
		{04620359-8CF9-40AF-A7F0-AF6001F1E2A0}.Release|Any CPU.ActiveCfg = Release|Any CPU
		{04620359-8CF9-40AF-A7F0-AF6001F1E2A0}.Release|Any CPU.Build.0 = Release|Any CPU
		{443AD401-DD8D-4AC4-BFF3-4AC625DBD53E}.Debug|Any CPU.ActiveCfg = Debug|Any CPU
		{443AD401-DD8D-4AC4-BFF3-4AC625DBD53E}.Debug|Any CPU.Build.0 = Debug|Any CPU
		{443AD401-DD8D-4AC4-BFF3-4AC625DBD53E}.Release|Any CPU.ActiveCfg = Release|Any CPU
		{443AD401-DD8D-4AC4-BFF3-4AC625DBD53E}.Release|Any CPU.Build.0 = Release|Any CPU
		{D0EF0E0E-DD12-4CE2-91B8-D476352725FA}.Debug|Any CPU.ActiveCfg = Debug|Any CPU
		{D0EF0E0E-DD12-4CE2-91B8-D476352725FA}.Debug|Any CPU.Build.0 = Debug|Any CPU
		{D0EF0E0E-DD12-4CE2-91B8-D476352725FA}.Release|Any CPU.ActiveCfg = Release|Any CPU
		{D0EF0E0E-DD12-4CE2-91B8-D476352725FA}.Release|Any CPU.Build.0 = Release|Any CPU
		{34DEFCDC-59B9-40A2-BD2A-B9F3E687FE08}.Debug|Any CPU.ActiveCfg = Debug|Any CPU
		{34DEFCDC-59B9-40A2-BD2A-B9F3E687FE08}.Debug|Any CPU.Build.0 = Debug|Any CPU
		{34DEFCDC-59B9-40A2-BD2A-B9F3E687FE08}.Release|Any CPU.ActiveCfg = Release|Any CPU
		{34DEFCDC-59B9-40A2-BD2A-B9F3E687FE08}.Release|Any CPU.Build.0 = Release|Any CPU
		{4D29493A-1C8B-4086-90B7-84965DD6F21A}.Debug|Any CPU.ActiveCfg = Debug|Any CPU
		{4D29493A-1C8B-4086-90B7-84965DD6F21A}.Debug|Any CPU.Build.0 = Debug|Any CPU
		{4D29493A-1C8B-4086-90B7-84965DD6F21A}.Release|Any CPU.ActiveCfg = Release|Any CPU
		{4D29493A-1C8B-4086-90B7-84965DD6F21A}.Release|Any CPU.Build.0 = Release|Any CPU
		{1684FF55-8F0B-4126-B70F-0C502B2B3AF0}.Debug|Any CPU.ActiveCfg = Debug|Any CPU
		{1684FF55-8F0B-4126-B70F-0C502B2B3AF0}.Debug|Any CPU.Build.0 = Debug|Any CPU
		{1684FF55-8F0B-4126-B70F-0C502B2B3AF0}.Release|Any CPU.ActiveCfg = Release|Any CPU
		{1684FF55-8F0B-4126-B70F-0C502B2B3AF0}.Release|Any CPU.Build.0 = Release|Any CPU
		{1AF97F09-B779-4568-8E07-C0DF9DA5A9C1}.Debug|Any CPU.ActiveCfg = Debug|Any CPU
		{1AF97F09-B779-4568-8E07-C0DF9DA5A9C1}.Debug|Any CPU.Build.0 = Debug|Any CPU
		{1AF97F09-B779-4568-8E07-C0DF9DA5A9C1}.Release|Any CPU.ActiveCfg = Release|Any CPU
		{1AF97F09-B779-4568-8E07-C0DF9DA5A9C1}.Release|Any CPU.Build.0 = Release|Any CPU
		{19C43C97-B66D-4A62-A4DD-473B6712DC0C}.Debug|Any CPU.ActiveCfg = Debug|Any CPU
		{19C43C97-B66D-4A62-A4DD-473B6712DC0C}.Debug|Any CPU.Build.0 = Debug|Any CPU
		{19C43C97-B66D-4A62-A4DD-473B6712DC0C}.Release|Any CPU.ActiveCfg = Release|Any CPU
		{19C43C97-B66D-4A62-A4DD-473B6712DC0C}.Release|Any CPU.Build.0 = Release|Any CPU
		{68F8E13D-CB4E-4D50-80F1-21B5F2C70BC2}.Debug|Any CPU.ActiveCfg = Debug|Any CPU
		{68F8E13D-CB4E-4D50-80F1-21B5F2C70BC2}.Debug|Any CPU.Build.0 = Debug|Any CPU
		{68F8E13D-CB4E-4D50-80F1-21B5F2C70BC2}.Release|Any CPU.ActiveCfg = Release|Any CPU
		{68F8E13D-CB4E-4D50-80F1-21B5F2C70BC2}.Release|Any CPU.Build.0 = Release|Any CPU
		{7104341E-C26F-4A53-AAD5-A1A9CBCE1916}.Debug|Any CPU.ActiveCfg = Debug|Any CPU
		{7104341E-C26F-4A53-AAD5-A1A9CBCE1916}.Debug|Any CPU.Build.0 = Debug|Any CPU
		{7104341E-C26F-4A53-AAD5-A1A9CBCE1916}.Release|Any CPU.ActiveCfg = Release|Any CPU
		{7104341E-C26F-4A53-AAD5-A1A9CBCE1916}.Release|Any CPU.Build.0 = Release|Any CPU
		{DA629AF3-A5C9-41AB-ADCB-0ECE6F99F845}.Debug|Any CPU.ActiveCfg = Debug|Any CPU
		{DA629AF3-A5C9-41AB-ADCB-0ECE6F99F845}.Debug|Any CPU.Build.0 = Debug|Any CPU
		{DA629AF3-A5C9-41AB-ADCB-0ECE6F99F845}.Release|Any CPU.ActiveCfg = Release|Any CPU
		{DA629AF3-A5C9-41AB-ADCB-0ECE6F99F845}.Release|Any CPU.Build.0 = Release|Any CPU
		{53A92D86-57B4-426A-B784-69C51F13E013}.Debug|Any CPU.ActiveCfg = Debug|Any CPU
		{53A92D86-57B4-426A-B784-69C51F13E013}.Debug|Any CPU.Build.0 = Debug|Any CPU
		{53A92D86-57B4-426A-B784-69C51F13E013}.Release|Any CPU.ActiveCfg = Release|Any CPU
		{53A92D86-57B4-426A-B784-69C51F13E013}.Release|Any CPU.Build.0 = Release|Any CPU
		{ADFDC425-FD09-4038-BB4A-67984D711B0B}.Debug|Any CPU.ActiveCfg = Debug|Any CPU
		{ADFDC425-FD09-4038-BB4A-67984D711B0B}.Debug|Any CPU.Build.0 = Debug|Any CPU
		{ADFDC425-FD09-4038-BB4A-67984D711B0B}.Release|Any CPU.ActiveCfg = Release|Any CPU
		{ADFDC425-FD09-4038-BB4A-67984D711B0B}.Release|Any CPU.Build.0 = Release|Any CPU
		{13094631-1D6A-4165-B7DF-73B7B614A329}.Debug|Any CPU.ActiveCfg = Debug|Any CPU
		{13094631-1D6A-4165-B7DF-73B7B614A329}.Debug|Any CPU.Build.0 = Debug|Any CPU
		{13094631-1D6A-4165-B7DF-73B7B614A329}.Release|Any CPU.ActiveCfg = Release|Any CPU
		{13094631-1D6A-4165-B7DF-73B7B614A329}.Release|Any CPU.Build.0 = Release|Any CPU
		{3C84E8F8-DD10-4C5B-A142-72AF67D2FC81}.Debug|Any CPU.ActiveCfg = Debug|Any CPU
		{3C84E8F8-DD10-4C5B-A142-72AF67D2FC81}.Debug|Any CPU.Build.0 = Debug|Any CPU
		{3C84E8F8-DD10-4C5B-A142-72AF67D2FC81}.Release|Any CPU.ActiveCfg = Release|Any CPU
		{3C84E8F8-DD10-4C5B-A142-72AF67D2FC81}.Release|Any CPU.Build.0 = Release|Any CPU
		{73061852-3FAC-4FFD-B093-D3C93F71EDF9}.Debug|Any CPU.ActiveCfg = Debug|Any CPU
		{73061852-3FAC-4FFD-B093-D3C93F71EDF9}.Debug|Any CPU.Build.0 = Debug|Any CPU
		{73061852-3FAC-4FFD-B093-D3C93F71EDF9}.Release|Any CPU.ActiveCfg = Release|Any CPU
		{73061852-3FAC-4FFD-B093-D3C93F71EDF9}.Release|Any CPU.Build.0 = Release|Any CPU
		{0D88D8BE-AF2A-40EA-8A9F-07AE4C58D245}.Debug|Any CPU.ActiveCfg = Debug|Any CPU
		{0D88D8BE-AF2A-40EA-8A9F-07AE4C58D245}.Debug|Any CPU.Build.0 = Debug|Any CPU
		{0D88D8BE-AF2A-40EA-8A9F-07AE4C58D245}.Release|Any CPU.ActiveCfg = Release|Any CPU
		{0D88D8BE-AF2A-40EA-8A9F-07AE4C58D245}.Release|Any CPU.Build.0 = Release|Any CPU
		{94C0710A-8BE4-493E-8578-6379ECDDBEED}.Debug|Any CPU.ActiveCfg = Debug|Any CPU
		{94C0710A-8BE4-493E-8578-6379ECDDBEED}.Debug|Any CPU.Build.0 = Debug|Any CPU
		{94C0710A-8BE4-493E-8578-6379ECDDBEED}.Release|Any CPU.ActiveCfg = Release|Any CPU
		{94C0710A-8BE4-493E-8578-6379ECDDBEED}.Release|Any CPU.Build.0 = Release|Any CPU
		{7B0EAB09-42DA-4E73-923A-AFC33A207122}.Debug|Any CPU.ActiveCfg = Debug|Any CPU
		{7B0EAB09-42DA-4E73-923A-AFC33A207122}.Debug|Any CPU.Build.0 = Debug|Any CPU
		{7B0EAB09-42DA-4E73-923A-AFC33A207122}.Release|Any CPU.ActiveCfg = Release|Any CPU
		{7B0EAB09-42DA-4E73-923A-AFC33A207122}.Release|Any CPU.Build.0 = Release|Any CPU
		{F2952117-4040-46FF-948E-45DD7C087C85}.Debug|Any CPU.ActiveCfg = Debug|Any CPU
		{F2952117-4040-46FF-948E-45DD7C087C85}.Debug|Any CPU.Build.0 = Debug|Any CPU
		{F2952117-4040-46FF-948E-45DD7C087C85}.Release|Any CPU.ActiveCfg = Release|Any CPU
		{F2952117-4040-46FF-948E-45DD7C087C85}.Release|Any CPU.Build.0 = Release|Any CPU
	EndGlobalSection
	GlobalSection(SolutionProperties) = preSolution
		HideSolutionNode = FALSE
	EndGlobalSection
	GlobalSection(ExtensibilityGlobals) = postSolution
		SolutionGuid = {E71B569E-900A-4557-931A-38DD2236C012}
	EndGlobalSection
EndGlobal
