
Microsoft Visual Studio Solution File, Format Version 12.00
# Visual Studio Version 17
VisualStudioVersion = 17.2.32526.322
MinimumVisualStudioVersion = 10.0.40219.1
Project("{9A19103F-16F7-4668-BE54-9A1E7A4F7556}") = "01.01.HelloApp", "01.01.HelloApp\01.01.HelloApp.csproj", "{D3B82657-53BF-4A66-82B7-9711ED8D96C3}"
EndProject
Project("{9A19103F-16F7-4668-BE54-9A1E7A4F7556}") = "01.02.ParametrsAndConst", "01.02.ParametrsAndConst\01.02.ParametrsAndConst.csproj", "{CD659C37-ECA1-4A94-B13C-030FDD44248A}"
EndProject
Project("{9A19103F-16F7-4668-BE54-9A1E7A4F7556}") = "01.03.Literals", "01.03.Literals\01.03.Literals.csproj", "{71874500-2D03-42DE-842F-1E170E692824}"
EndProject
Project("{9A19103F-16F7-4668-BE54-9A1E7A4F7556}") = "01.04.DataTypes", "01.04.DataTypes\01.04.DataTypes.csproj", "{14739492-C495-4660-AD23-0FABBACF7AB5}"
EndProject
Project("{9A19103F-16F7-4668-BE54-9A1E7A4F7556}") = "01.05.ConsoleIO", "01.05.ConsoleIO\01.05.ConsoleIO.csproj", "{203C8823-C3D4-4A8A-9F5D-191DF37FFE08}"
EndProject
Project("{9A19103F-16F7-4668-BE54-9A1E7A4F7556}") = "01.06.ArithmeticOperations", "01.06.ArithmeticOperations\01.06.ArithmeticOperations.csproj", "{7E3FBB99-D4CF-47E5-9F6B-82640E1E5639}"
EndProject
Project("{9A19103F-16F7-4668-BE54-9A1E7A4F7556}") = "01.07.BitwiseOperations", "01.07.BitwiseOperations\01.07.BitwiseOperations.csproj", "{80ADECFC-6825-4E85-9881-4C175C64D9E2}"
EndProject
Project("{9A19103F-16F7-4668-BE54-9A1E7A4F7556}") = "01.08.AssignmentOperations", "01.08.AssignmentOperations\01.08.AssignmentOperations.csproj", "{C8ADAA98-B3B7-4074-A783-1059ACA821CF}"
EndProject
Project("{9A19103F-16F7-4668-BE54-9A1E7A4F7556}") = "01.09. BaseTypeConversions", "01.09. BaseTypeConversions\01.09. BaseTypeConversions.csproj", "{E61CB1EC-9207-4234-AE71-904BE45E652D}"
EndProject
Project("{9A19103F-16F7-4668-BE54-9A1E7A4F7556}") = "01.10.BooleanExpressions", "01.10.BooleanExpressions\01.10.BooleanExpressions.csproj", "{70A6A79F-7788-4FB0-BE23-50B8A5D46429}"
EndProject
Project("{9A19103F-16F7-4668-BE54-9A1E7A4F7556}") = "01.11.IfElseOperators", "01.11.IfElseOperators\01.11.IfElseOperators.csproj", "{0A0164AB-E2F8-4A75-9B57-54A9C4D557A5}"
EndProject
Project("{9A19103F-16F7-4668-BE54-9A1E7A4F7556}") = "01.11.01.HomeworkIfEsle", "01.11.01.HomeworkIfEsle\01.11.01.HomeworkIfEsle.csproj", "{BD61EA8E-9009-49E1-BA53-9D52D38B6DE2}"
EndProject
Project("{9A19103F-16F7-4668-BE54-9A1E7A4F7556}") = "01.11.02.HomeworkIfEsle", "01.11.02.HomeworkIfEsle\01.11.02.HomeworkIfEsle.csproj", "{3843E52F-9A60-4518-9CC7-E1D7787BA0E5}"
EndProject
Project("{9A19103F-16F7-4668-BE54-9A1E7A4F7556}") = "01.11.03.HomeworkIfEsle", "01.11.03.HomeworkIfEsle\01.11.03.HomeworkIfEsle.csproj", "{B94C7A0C-EA0D-4122-8402-335F73F4B8E7}"
EndProject
Project("{9A19103F-16F7-4668-BE54-9A1E7A4F7556}") = "01.11.04.HomeworkIfEsle", "01.11.04.HomeworkIfEsle\01.11.04.HomeworkIfEsle.csproj", "{04620359-8CF9-40AF-A7F0-AF6001F1E2A0}"
EndProject
Project("{9A19103F-16F7-4668-BE54-9A1E7A4F7556}") = "01.11.05.HomeworkIfEsle", "01.11.05.HomeworkIfEsle\01.11.05.HomeworkIfEsle.csproj", "{443AD401-DD8D-4AC4-BFF3-4AC625DBD53E}"
EndProject
Project("{9A19103F-16F7-4668-BE54-9A1E7A4F7556}") = "01.12.CyclesForFoeachWhileDoWhile", "01.12.CyclesForFoeachWhileDoWhile\01.12.CyclesForFoeachWhileDoWhile.csproj", "{D0EF0E0E-DD12-4CE2-91B8-D476352725FA}"
EndProject
Project("{9A19103F-16F7-4668-BE54-9A1E7A4F7556}") = "01.12.01.HomeworkCycles", "01.12.01.HomeworkCycles\01.12.01.HomeworkCycles.csproj", "{34DEFCDC-59B9-40A2-BD2A-B9F3E687FE08}"
EndProject
Project("{9A19103F-16F7-4668-BE54-9A1E7A4F7556}") = "01.12.02.HomeworkCycles", "01.12.02.HomeworkCycles\01.12.02.HomeworkCycles.csproj", "{4D29493A-1C8B-4086-90B7-84965DD6F21A}"
EndProject
Project("{9A19103F-16F7-4668-BE54-9A1E7A4F7556}") = "01.12.03.HomeworkCycles", "01.12.03.HomeworkCycles\01.12.03.HomeworkCycles.csproj", "{1684FF55-8F0B-4126-B70F-0C502B2B3AF0}"
EndProject
Project("{9A19103F-16F7-4668-BE54-9A1E7A4F7556}") = "01.12.04.HomeworkCycles", "01.12.04.HomeworkCycles\01.12.04.HomeworkCycles.csproj", "{1AF97F09-B779-4568-8E07-C0DF9DA5A9C1}"
EndProject
Project("{9A19103F-16F7-4668-BE54-9A1E7A4F7556}") = "01.13.Arrays", "01.13.Arrays\01.13.Arrays.csproj", "{19C43C97-B66D-4A62-A4DD-473B6712DC0C}"
EndProject
Project("{9A19103F-16F7-4668-BE54-9A1E7A4F7556}") = "01.13.01.HomeworkArrays", "01.13.01.HomeworkArrays\01.13.01.HomeworkArrays.csproj", "{68F8E13D-CB4E-4D50-80F1-21B5F2C70BC2}"
EndProject
Project("{9A19103F-16F7-4668-BE54-9A1E7A4F7556}") = "01.14.TasksWithArrays", "01.14.TasksWithArrays\01.14.TasksWithArrays.csproj", "{7104341E-C26F-4A53-AAD5-A1A9CBCE1916}"
EndProject
Project("{9A19103F-16F7-4668-BE54-9A1E7A4F7556}") = "01.15.Methods", "01.15.Metods\01.15.Methods.csproj", "{DA629AF3-A5C9-41AB-ADCB-0ECE6F99F845}"
EndProject
Project("{9A19103F-16F7-4668-BE54-9A1E7A4F7556}") = "01.16.MethodsParams", "01.16.MethodsParams\01.16.MethodsParams.csproj", "{53A92D86-57B4-426A-B784-69C51F13E013}"
EndProject
Project("{9A19103F-16F7-4668-BE54-9A1E7A4F7556}") = "01.17.Return", "01.17.Return\01.17.Return.csproj", "{ADFDC425-FD09-4038-BB4A-67984D711B0B}"
EndProject
Project("{9A19103F-16F7-4668-BE54-9A1E7A4F7556}") = "1.18.RefOut", "1.18.RefOut\1.18.RefOut.csproj", "{13094631-1D6A-4165-B7DF-73B7B614A329}"
EndProject
Project("{9A19103F-16F7-4668-BE54-9A1E7A4F7556}") = "1.19.Params", "1.19.Params\1.19.Params.csproj", "{3C84E8F8-DD10-4C5B-A142-72AF67D2FC81}"
EndProject
Project("{9A19103F-16F7-4668-BE54-9A1E7A4F7556}") = "1.20.RecursiveFunctions", "1.20.RecursiveFunctions\1.20.RecursiveFunctions.csproj", "{73061852-3FAC-4FFD-B093-D3C93F71EDF9}"
EndProject
Project("{9A19103F-16F7-4668-BE54-9A1E7A4F7556}") = "1.21.LocalFunctions", "1.21.LocalFunctions\1.21.LocalFunctions.csproj", "{0D88D8BE-AF2A-40EA-8A9F-07AE4C58D245}"
EndProject
Project("{9A19103F-16F7-4668-BE54-9A1E7A4F7556}") = "1.22.SwitchCase", "1.22.SwitchCase\1.22.SwitchCase.csproj", "{94C0710A-8BE4-493E-8578-6379ECDDBEED}"
EndProject
Project("{9A19103F-16F7-4668-BE54-9A1E7A4F7556}") = "1.22.01.HomeworkSwitchCase", "1.22.01.HomeworkSwitchCase\1.22.01.HomeworkSwitchCase.csproj", "{7B0EAB09-42DA-4E73-923A-AFC33A207122}"
EndProject
Project("{9A19103F-16F7-4668-BE54-9A1E7A4F7556}") = "1.23.Emun", "1.23.Emun\1.23.Emun.csproj", "{F2952117-4040-46FF-948E-45DD7C087C85}"
EndProject
Project("{9A19103F-16F7-4668-BE54-9A1E7A4F7556}") = "2.01.ClassesStructuresNamespace", "2.01.ClassesStructuresNamespace\2.01.ClassesStructuresNamespace.csproj", "{07D76A50-8969-4AC4-BF4B-BBACD416A306}"
EndProject
Project("{9A19103F-16F7-4668-BE54-9A1E7A4F7556}") = "2.02.Cosntructors", "2.02.Cosntructors\2.02.Cosntructors.csproj", "{DF33D763-877A-4CA3-9A5E-66D65034C340}"
EndProject
Project("{9A19103F-16F7-4668-BE54-9A1E7A4F7556}") = "2.03.ProgramMain", "2.03.ProgramMain\2.03.ProgramMain.csproj", "{3EC5EC49-95B9-4CDE-9DCF-A6320E01E929}"
EndProject
Project("{9A19103F-16F7-4668-BE54-9A1E7A4F7556}") = "2.04.Structures", "2.04.Structures\2.04.Structures.csproj", "{9E30EBC1-08C5-4030-999D-AEA77D599AC1}"
EndProject
Project("{9A19103F-16F7-4668-BE54-9A1E7A4F7556}") = "2.05.ValueAndReferenceTypes", "2.05.ValueAndReferenceTypes\2.05.ValueAndReferenceTypes.csproj", "{F01C7B24-7089-4F25-8834-A3C800F01D08}"
EndProject
Project("{9A19103F-16F7-4668-BE54-9A1E7A4F7556}") = "2.06.FieldOfView", "2.06.FieldOfView\2.06.FieldOfView.csproj", "{2CC2D280-EA91-4081-AF84-8286206B3DB5}"
EndProject
Project("{9A19103F-16F7-4668-BE54-9A1E7A4F7556}") = "2.07.Namespace", "2.07.Namespace\2.07.Namespace.csproj", "{187E8D33-6144-41A6-82AE-8EE499DDFED1}"
EndProject
Project("{9A19103F-16F7-4668-BE54-9A1E7A4F7556}") = "2.08.GlobalNamespace", "2.08.GlobalNamespace\2.08.GlobalNamespace.csproj", "{D7FB2459-493A-44A1-A13E-148DA17A7FCA}"
EndProject
Project("{9A19103F-16F7-4668-BE54-9A1E7A4F7556}") = "2.09.DefaultNamespace", "2.09.DefaultNamespace\2.09.DefaultNamespace.csproj", "{235D3363-9720-4BE8-A527-3AE19E6817FC}"
EndProject
Project("{9A19103F-16F7-4668-BE54-9A1E7A4F7556}") = "2.10.Library", "2.10.Library\2.10.Library.csproj", "{3527EAC9-108E-4449-B44C-312475E00D46}"
EndProject
Project("{9A19103F-16F7-4668-BE54-9A1E7A4F7556}") = "2.10.MyLibrary", "2.10.MyLibrary\2.10.MyLibrary.csproj", "{56B0D714-9E67-4885-83D9-68CDAB9F63C9}"
EndProject
Project("{9A19103F-16F7-4668-BE54-9A1E7A4F7556}") = "2.11.AccessModifiers", "2.11.AccessModifiers\2.11.AccessModifiers.csproj", "{0006AA44-6872-45F6-BE6B-C8A7F63EAE81}"
EndProject
Project("{9A19103F-16F7-4668-BE54-9A1E7A4F7556}") = "2.12.Properties", "2.12.Properties\2.12.Properties.csproj", "{535B80BA-0903-4D0B-A292-0534F395CB1C}"
EndProject
Project("{9A19103F-16F7-4668-BE54-9A1E7A4F7556}") = "2.13.MethodsOverloading", "2.13.MethodsOverloading\2.13.MethodsOverloading.csproj", "{CFE22A2E-0EE4-4FB6-A5A4-342EEDFFA2F9}"
EndProject
Project("{9A19103F-16F7-4668-BE54-9A1E7A4F7556}") = "2.14.Static", "2.14.Static\2.14.Static.csproj", "{F2B8046F-8D1C-4304-A24D-05DEFE3CE391}"
EndProject
Project("{9A19103F-16F7-4668-BE54-9A1E7A4F7556}") = "2.15.Readonly", "2.15.Readonly\2.15.Readonly.csproj", "{E056BCEE-55EE-47E3-B29E-09DC50058039}"
EndProject
Project("{9A19103F-16F7-4668-BE54-9A1E7A4F7556}") = "2.16.NullAndReferenceTypes", "2.16.NullAndReferenceTypes\2.16.NullAndReferenceTypes.csproj", "{B94790F8-F43E-4B2F-B74A-5173304028BC}"
EndProject
Project("{9A19103F-16F7-4668-BE54-9A1E7A4F7556}") = "2.17.NullAndValueTypes", "2.17.NullAndValueTypes\2.17.NullAndValueTypes.csproj", "{3F144FA7-97C9-4550-9171-17BA0CAC2DA9}"
EndProject
Project("{9A19103F-16F7-4668-BE54-9A1E7A4F7556}") = "2.18.NullCheck", "2.18.NullCheck\2.18.NullCheck.csproj", "{D9A7BD9F-1ECC-4EE2-AFE0-2C269C954539}"
EndProject
Project("{9A19103F-16F7-4668-BE54-9A1E7A4F7556}") = "2.19.TypeAliasesAndStaticImport", "2.19.TypeAliasesAndStaticImport\2.19.TypeAliasesAndStaticImport.csproj", "{3623CEA1-FA9F-4419-9025-9A95939267E7}"
EndProject
Project("{9A19103F-16F7-4668-BE54-9A1E7A4F7556}") = "3.01.Inheritance", "3.01.Inheritance\3.01.Inheritance.csproj", "{2355A990-BD78-46A1-B8DE-1F4D0CA3D834}"
EndProject
Project("{9A19103F-16F7-4668-BE54-9A1E7A4F7556}") = "3.02.TypeConversion", "3.02.TypeConversion\3.02.TypeConversion.csproj", "{4A60ACA9-3E40-474A-A06E-4D766FD14BA4}"
EndProject
Project("{9A19103F-16F7-4668-BE54-9A1E7A4F7556}") = "3.03.VirtualMethods", "3.03.VirtualMethods\3.03.VirtualMethods.csproj", "{B332BD2A-79D1-4F7C-A98E-5B5118D0585A}"
EndProject
Project("{9A19103F-16F7-4668-BE54-9A1E7A4F7556}") = "3.04.MethodsPropHiding", "3.04.MethodsPropHiding\3.04.MethodsPropHiding.csproj", "{101F6ED8-6580-4276-A9DE-13451693605E}"
EndProject
Project("{9A19103F-16F7-4668-BE54-9A1E7A4F7556}") = "3.05.NewVirtualDifference", "3.05.NewVirtualDifference\3.05.NewVirtualDifference.csproj", "{E8BE885A-288D-4CDE-A3A8-F41F9BA3DC80}"
EndProject
Project("{9A19103F-16F7-4668-BE54-9A1E7A4F7556}") = "3.06.Abstract", "3.06.Abstract\3.06.Abstract.csproj", "{64AC16C7-F936-4DAA-9823-3AE92BFE0F7D}"
EndProject
Project("{9A19103F-16F7-4668-BE54-9A1E7A4F7556}") = "3.07.SystemObjectsAndHisMethods", "3.07.SystemObjectsAndHisMethods\3.07.SystemObjectsAndHisMethods.csproj", "{16F81DCD-E020-42BB-8D5D-A01558671637}"
EndProject
Project("{9A19103F-16F7-4668-BE54-9A1E7A4F7556}") = "3.08.Generics", "3.08.Generics\3.08.Generics.csproj", "{F1BEDEE2-AEE6-49C8-9D74-B9CA53D13125}"
EndProject
Project("{9A19103F-16F7-4668-BE54-9A1E7A4F7556}") = "3.08.01.HomeworkGenerics", "3.08.01.HomeworkGenerics\3.08.01.HomeworkGenerics.csproj", "{1507CC21-D3BF-4910-B8D6-7814C834E802}"
EndProject
Project("{9A19103F-16F7-4668-BE54-9A1E7A4F7556}") = "3.08.02.HomeworkGenerics", "3.08.02.HomeworkGenerics\3.08.02.HomeworkGenerics.csproj", "{0C74BE4D-9838-4B17-B9C2-1089EC8354AA}"
EndProject
Project("{FAE04EC0-301F-11D3-BF4B-00C04F79EFBC}") = "3.09.GenericsWhere", "3.09.GenericsWhere\3.09.GenericsWhere.csproj", "{B28A5320-7E71-46F1-87DE-B62802E4C810}"
EndProject
Global
	GlobalSection(SolutionConfigurationPlatforms) = preSolution
		Debug|Any CPU = Debug|Any CPU
		Release|Any CPU = Release|Any CPU
	EndGlobalSection
	GlobalSection(ProjectConfigurationPlatforms) = postSolution
		{D3B82657-53BF-4A66-82B7-9711ED8D96C3}.Debug|Any CPU.ActiveCfg = Debug|Any CPU
		{D3B82657-53BF-4A66-82B7-9711ED8D96C3}.Debug|Any CPU.Build.0 = Debug|Any CPU
		{D3B82657-53BF-4A66-82B7-9711ED8D96C3}.Release|Any CPU.ActiveCfg = Release|Any CPU
		{D3B82657-53BF-4A66-82B7-9711ED8D96C3}.Release|Any CPU.Build.0 = Release|Any CPU
		{CD659C37-ECA1-4A94-B13C-030FDD44248A}.Debug|Any CPU.ActiveCfg = Debug|Any CPU
		{CD659C37-ECA1-4A94-B13C-030FDD44248A}.Debug|Any CPU.Build.0 = Debug|Any CPU
		{CD659C37-ECA1-4A94-B13C-030FDD44248A}.Release|Any CPU.ActiveCfg = Release|Any CPU
		{CD659C37-ECA1-4A94-B13C-030FDD44248A}.Release|Any CPU.Build.0 = Release|Any CPU
		{71874500-2D03-42DE-842F-1E170E692824}.Debug|Any CPU.ActiveCfg = Debug|Any CPU
		{71874500-2D03-42DE-842F-1E170E692824}.Debug|Any CPU.Build.0 = Debug|Any CPU
		{71874500-2D03-42DE-842F-1E170E692824}.Release|Any CPU.ActiveCfg = Release|Any CPU
		{71874500-2D03-42DE-842F-1E170E692824}.Release|Any CPU.Build.0 = Release|Any CPU
		{14739492-C495-4660-AD23-0FABBACF7AB5}.Debug|Any CPU.ActiveCfg = Debug|Any CPU
		{14739492-C495-4660-AD23-0FABBACF7AB5}.Debug|Any CPU.Build.0 = Debug|Any CPU
		{14739492-C495-4660-AD23-0FABBACF7AB5}.Release|Any CPU.ActiveCfg = Release|Any CPU
		{14739492-C495-4660-AD23-0FABBACF7AB5}.Release|Any CPU.Build.0 = Release|Any CPU
		{203C8823-C3D4-4A8A-9F5D-191DF37FFE08}.Debug|Any CPU.ActiveCfg = Debug|Any CPU
		{203C8823-C3D4-4A8A-9F5D-191DF37FFE08}.Debug|Any CPU.Build.0 = Debug|Any CPU
		{203C8823-C3D4-4A8A-9F5D-191DF37FFE08}.Release|Any CPU.ActiveCfg = Release|Any CPU
		{203C8823-C3D4-4A8A-9F5D-191DF37FFE08}.Release|Any CPU.Build.0 = Release|Any CPU
		{7E3FBB99-D4CF-47E5-9F6B-82640E1E5639}.Debug|Any CPU.ActiveCfg = Debug|Any CPU
		{7E3FBB99-D4CF-47E5-9F6B-82640E1E5639}.Debug|Any CPU.Build.0 = Debug|Any CPU
		{7E3FBB99-D4CF-47E5-9F6B-82640E1E5639}.Release|Any CPU.ActiveCfg = Release|Any CPU
		{7E3FBB99-D4CF-47E5-9F6B-82640E1E5639}.Release|Any CPU.Build.0 = Release|Any CPU
		{80ADECFC-6825-4E85-9881-4C175C64D9E2}.Debug|Any CPU.ActiveCfg = Debug|Any CPU
		{80ADECFC-6825-4E85-9881-4C175C64D9E2}.Debug|Any CPU.Build.0 = Debug|Any CPU
		{80ADECFC-6825-4E85-9881-4C175C64D9E2}.Release|Any CPU.ActiveCfg = Release|Any CPU
		{80ADECFC-6825-4E85-9881-4C175C64D9E2}.Release|Any CPU.Build.0 = Release|Any CPU
		{C8ADAA98-B3B7-4074-A783-1059ACA821CF}.Debug|Any CPU.ActiveCfg = Debug|Any CPU
		{C8ADAA98-B3B7-4074-A783-1059ACA821CF}.Debug|Any CPU.Build.0 = Debug|Any CPU
		{C8ADAA98-B3B7-4074-A783-1059ACA821CF}.Release|Any CPU.ActiveCfg = Release|Any CPU
		{C8ADAA98-B3B7-4074-A783-1059ACA821CF}.Release|Any CPU.Build.0 = Release|Any CPU
		{E61CB1EC-9207-4234-AE71-904BE45E652D}.Debug|Any CPU.ActiveCfg = Debug|Any CPU
		{E61CB1EC-9207-4234-AE71-904BE45E652D}.Debug|Any CPU.Build.0 = Debug|Any CPU
		{E61CB1EC-9207-4234-AE71-904BE45E652D}.Release|Any CPU.ActiveCfg = Release|Any CPU
		{E61CB1EC-9207-4234-AE71-904BE45E652D}.Release|Any CPU.Build.0 = Release|Any CPU
		{70A6A79F-7788-4FB0-BE23-50B8A5D46429}.Debug|Any CPU.ActiveCfg = Debug|Any CPU
		{70A6A79F-7788-4FB0-BE23-50B8A5D46429}.Debug|Any CPU.Build.0 = Debug|Any CPU
		{70A6A79F-7788-4FB0-BE23-50B8A5D46429}.Release|Any CPU.ActiveCfg = Release|Any CPU
		{70A6A79F-7788-4FB0-BE23-50B8A5D46429}.Release|Any CPU.Build.0 = Release|Any CPU
		{0A0164AB-E2F8-4A75-9B57-54A9C4D557A5}.Debug|Any CPU.ActiveCfg = Debug|Any CPU
		{0A0164AB-E2F8-4A75-9B57-54A9C4D557A5}.Debug|Any CPU.Build.0 = Debug|Any CPU
		{0A0164AB-E2F8-4A75-9B57-54A9C4D557A5}.Release|Any CPU.ActiveCfg = Release|Any CPU
		{0A0164AB-E2F8-4A75-9B57-54A9C4D557A5}.Release|Any CPU.Build.0 = Release|Any CPU
		{BD61EA8E-9009-49E1-BA53-9D52D38B6DE2}.Debug|Any CPU.ActiveCfg = Debug|Any CPU
		{BD61EA8E-9009-49E1-BA53-9D52D38B6DE2}.Debug|Any CPU.Build.0 = Debug|Any CPU
		{BD61EA8E-9009-49E1-BA53-9D52D38B6DE2}.Release|Any CPU.ActiveCfg = Release|Any CPU
		{BD61EA8E-9009-49E1-BA53-9D52D38B6DE2}.Release|Any CPU.Build.0 = Release|Any CPU
		{3843E52F-9A60-4518-9CC7-E1D7787BA0E5}.Debug|Any CPU.ActiveCfg = Debug|Any CPU
		{3843E52F-9A60-4518-9CC7-E1D7787BA0E5}.Debug|Any CPU.Build.0 = Debug|Any CPU
		{3843E52F-9A60-4518-9CC7-E1D7787BA0E5}.Release|Any CPU.ActiveCfg = Release|Any CPU
		{3843E52F-9A60-4518-9CC7-E1D7787BA0E5}.Release|Any CPU.Build.0 = Release|Any CPU
		{B94C7A0C-EA0D-4122-8402-335F73F4B8E7}.Debug|Any CPU.ActiveCfg = Debug|Any CPU
		{B94C7A0C-EA0D-4122-8402-335F73F4B8E7}.Debug|Any CPU.Build.0 = Debug|Any CPU
		{B94C7A0C-EA0D-4122-8402-335F73F4B8E7}.Release|Any CPU.ActiveCfg = Release|Any CPU
		{B94C7A0C-EA0D-4122-8402-335F73F4B8E7}.Release|Any CPU.Build.0 = Release|Any CPU
		{04620359-8CF9-40AF-A7F0-AF6001F1E2A0}.Debug|Any CPU.ActiveCfg = Debug|Any CPU
		{04620359-8CF9-40AF-A7F0-AF6001F1E2A0}.Debug|Any CPU.Build.0 = Debug|Any CPU
		{04620359-8CF9-40AF-A7F0-AF6001F1E2A0}.Release|Any CPU.ActiveCfg = Release|Any CPU
		{04620359-8CF9-40AF-A7F0-AF6001F1E2A0}.Release|Any CPU.Build.0 = Release|Any CPU
		{443AD401-DD8D-4AC4-BFF3-4AC625DBD53E}.Debug|Any CPU.ActiveCfg = Debug|Any CPU
		{443AD401-DD8D-4AC4-BFF3-4AC625DBD53E}.Debug|Any CPU.Build.0 = Debug|Any CPU
		{443AD401-DD8D-4AC4-BFF3-4AC625DBD53E}.Release|Any CPU.ActiveCfg = Release|Any CPU
		{443AD401-DD8D-4AC4-BFF3-4AC625DBD53E}.Release|Any CPU.Build.0 = Release|Any CPU
		{D0EF0E0E-DD12-4CE2-91B8-D476352725FA}.Debug|Any CPU.ActiveCfg = Debug|Any CPU
		{D0EF0E0E-DD12-4CE2-91B8-D476352725FA}.Debug|Any CPU.Build.0 = Debug|Any CPU
		{D0EF0E0E-DD12-4CE2-91B8-D476352725FA}.Release|Any CPU.ActiveCfg = Release|Any CPU
		{D0EF0E0E-DD12-4CE2-91B8-D476352725FA}.Release|Any CPU.Build.0 = Release|Any CPU
		{34DEFCDC-59B9-40A2-BD2A-B9F3E687FE08}.Debug|Any CPU.ActiveCfg = Debug|Any CPU
		{34DEFCDC-59B9-40A2-BD2A-B9F3E687FE08}.Debug|Any CPU.Build.0 = Debug|Any CPU
		{34DEFCDC-59B9-40A2-BD2A-B9F3E687FE08}.Release|Any CPU.ActiveCfg = Release|Any CPU
		{34DEFCDC-59B9-40A2-BD2A-B9F3E687FE08}.Release|Any CPU.Build.0 = Release|Any CPU
		{4D29493A-1C8B-4086-90B7-84965DD6F21A}.Debug|Any CPU.ActiveCfg = Debug|Any CPU
		{4D29493A-1C8B-4086-90B7-84965DD6F21A}.Debug|Any CPU.Build.0 = Debug|Any CPU
		{4D29493A-1C8B-4086-90B7-84965DD6F21A}.Release|Any CPU.ActiveCfg = Release|Any CPU
		{4D29493A-1C8B-4086-90B7-84965DD6F21A}.Release|Any CPU.Build.0 = Release|Any CPU
		{1684FF55-8F0B-4126-B70F-0C502B2B3AF0}.Debug|Any CPU.ActiveCfg = Debug|Any CPU
		{1684FF55-8F0B-4126-B70F-0C502B2B3AF0}.Debug|Any CPU.Build.0 = Debug|Any CPU
		{1684FF55-8F0B-4126-B70F-0C502B2B3AF0}.Release|Any CPU.ActiveCfg = Release|Any CPU
		{1684FF55-8F0B-4126-B70F-0C502B2B3AF0}.Release|Any CPU.Build.0 = Release|Any CPU
		{1AF97F09-B779-4568-8E07-C0DF9DA5A9C1}.Debug|Any CPU.ActiveCfg = Debug|Any CPU
		{1AF97F09-B779-4568-8E07-C0DF9DA5A9C1}.Debug|Any CPU.Build.0 = Debug|Any CPU
		{1AF97F09-B779-4568-8E07-C0DF9DA5A9C1}.Release|Any CPU.ActiveCfg = Release|Any CPU
		{1AF97F09-B779-4568-8E07-C0DF9DA5A9C1}.Release|Any CPU.Build.0 = Release|Any CPU
		{19C43C97-B66D-4A62-A4DD-473B6712DC0C}.Debug|Any CPU.ActiveCfg = Debug|Any CPU
		{19C43C97-B66D-4A62-A4DD-473B6712DC0C}.Debug|Any CPU.Build.0 = Debug|Any CPU
		{19C43C97-B66D-4A62-A4DD-473B6712DC0C}.Release|Any CPU.ActiveCfg = Release|Any CPU
		{19C43C97-B66D-4A62-A4DD-473B6712DC0C}.Release|Any CPU.Build.0 = Release|Any CPU
		{68F8E13D-CB4E-4D50-80F1-21B5F2C70BC2}.Debug|Any CPU.ActiveCfg = Debug|Any CPU
		{68F8E13D-CB4E-4D50-80F1-21B5F2C70BC2}.Debug|Any CPU.Build.0 = Debug|Any CPU
		{68F8E13D-CB4E-4D50-80F1-21B5F2C70BC2}.Release|Any CPU.ActiveCfg = Release|Any CPU
		{68F8E13D-CB4E-4D50-80F1-21B5F2C70BC2}.Release|Any CPU.Build.0 = Release|Any CPU
		{7104341E-C26F-4A53-AAD5-A1A9CBCE1916}.Debug|Any CPU.ActiveCfg = Debug|Any CPU
		{7104341E-C26F-4A53-AAD5-A1A9CBCE1916}.Debug|Any CPU.Build.0 = Debug|Any CPU
		{7104341E-C26F-4A53-AAD5-A1A9CBCE1916}.Release|Any CPU.ActiveCfg = Release|Any CPU
		{7104341E-C26F-4A53-AAD5-A1A9CBCE1916}.Release|Any CPU.Build.0 = Release|Any CPU
		{DA629AF3-A5C9-41AB-ADCB-0ECE6F99F845}.Debug|Any CPU.ActiveCfg = Debug|Any CPU
		{DA629AF3-A5C9-41AB-ADCB-0ECE6F99F845}.Debug|Any CPU.Build.0 = Debug|Any CPU
		{DA629AF3-A5C9-41AB-ADCB-0ECE6F99F845}.Release|Any CPU.ActiveCfg = Release|Any CPU
		{DA629AF3-A5C9-41AB-ADCB-0ECE6F99F845}.Release|Any CPU.Build.0 = Release|Any CPU
		{53A92D86-57B4-426A-B784-69C51F13E013}.Debug|Any CPU.ActiveCfg = Debug|Any CPU
		{53A92D86-57B4-426A-B784-69C51F13E013}.Debug|Any CPU.Build.0 = Debug|Any CPU
		{53A92D86-57B4-426A-B784-69C51F13E013}.Release|Any CPU.ActiveCfg = Release|Any CPU
		{53A92D86-57B4-426A-B784-69C51F13E013}.Release|Any CPU.Build.0 = Release|Any CPU
		{ADFDC425-FD09-4038-BB4A-67984D711B0B}.Debug|Any CPU.ActiveCfg = Debug|Any CPU
		{ADFDC425-FD09-4038-BB4A-67984D711B0B}.Debug|Any CPU.Build.0 = Debug|Any CPU
		{ADFDC425-FD09-4038-BB4A-67984D711B0B}.Release|Any CPU.ActiveCfg = Release|Any CPU
		{ADFDC425-FD09-4038-BB4A-67984D711B0B}.Release|Any CPU.Build.0 = Release|Any CPU
		{13094631-1D6A-4165-B7DF-73B7B614A329}.Debug|Any CPU.ActiveCfg = Debug|Any CPU
		{13094631-1D6A-4165-B7DF-73B7B614A329}.Debug|Any CPU.Build.0 = Debug|Any CPU
		{13094631-1D6A-4165-B7DF-73B7B614A329}.Release|Any CPU.ActiveCfg = Release|Any CPU
		{13094631-1D6A-4165-B7DF-73B7B614A329}.Release|Any CPU.Build.0 = Release|Any CPU
		{3C84E8F8-DD10-4C5B-A142-72AF67D2FC81}.Debug|Any CPU.ActiveCfg = Debug|Any CPU
		{3C84E8F8-DD10-4C5B-A142-72AF67D2FC81}.Debug|Any CPU.Build.0 = Debug|Any CPU
		{3C84E8F8-DD10-4C5B-A142-72AF67D2FC81}.Release|Any CPU.ActiveCfg = Release|Any CPU
		{3C84E8F8-DD10-4C5B-A142-72AF67D2FC81}.Release|Any CPU.Build.0 = Release|Any CPU
		{73061852-3FAC-4FFD-B093-D3C93F71EDF9}.Debug|Any CPU.ActiveCfg = Debug|Any CPU
		{73061852-3FAC-4FFD-B093-D3C93F71EDF9}.Debug|Any CPU.Build.0 = Debug|Any CPU
		{73061852-3FAC-4FFD-B093-D3C93F71EDF9}.Release|Any CPU.ActiveCfg = Release|Any CPU
		{73061852-3FAC-4FFD-B093-D3C93F71EDF9}.Release|Any CPU.Build.0 = Release|Any CPU
		{0D88D8BE-AF2A-40EA-8A9F-07AE4C58D245}.Debug|Any CPU.ActiveCfg = Debug|Any CPU
		{0D88D8BE-AF2A-40EA-8A9F-07AE4C58D245}.Debug|Any CPU.Build.0 = Debug|Any CPU
		{0D88D8BE-AF2A-40EA-8A9F-07AE4C58D245}.Release|Any CPU.ActiveCfg = Release|Any CPU
		{0D88D8BE-AF2A-40EA-8A9F-07AE4C58D245}.Release|Any CPU.Build.0 = Release|Any CPU
		{94C0710A-8BE4-493E-8578-6379ECDDBEED}.Debug|Any CPU.ActiveCfg = Debug|Any CPU
		{94C0710A-8BE4-493E-8578-6379ECDDBEED}.Debug|Any CPU.Build.0 = Debug|Any CPU
		{94C0710A-8BE4-493E-8578-6379ECDDBEED}.Release|Any CPU.ActiveCfg = Release|Any CPU
		{94C0710A-8BE4-493E-8578-6379ECDDBEED}.Release|Any CPU.Build.0 = Release|Any CPU
		{7B0EAB09-42DA-4E73-923A-AFC33A207122}.Debug|Any CPU.ActiveCfg = Debug|Any CPU
		{7B0EAB09-42DA-4E73-923A-AFC33A207122}.Debug|Any CPU.Build.0 = Debug|Any CPU
		{7B0EAB09-42DA-4E73-923A-AFC33A207122}.Release|Any CPU.ActiveCfg = Release|Any CPU
		{7B0EAB09-42DA-4E73-923A-AFC33A207122}.Release|Any CPU.Build.0 = Release|Any CPU
		{F2952117-4040-46FF-948E-45DD7C087C85}.Debug|Any CPU.ActiveCfg = Debug|Any CPU
		{F2952117-4040-46FF-948E-45DD7C087C85}.Debug|Any CPU.Build.0 = Debug|Any CPU
		{F2952117-4040-46FF-948E-45DD7C087C85}.Release|Any CPU.ActiveCfg = Release|Any CPU
		{F2952117-4040-46FF-948E-45DD7C087C85}.Release|Any CPU.Build.0 = Release|Any CPU
		{07D76A50-8969-4AC4-BF4B-BBACD416A306}.Debug|Any CPU.ActiveCfg = Debug|Any CPU
		{07D76A50-8969-4AC4-BF4B-BBACD416A306}.Debug|Any CPU.Build.0 = Debug|Any CPU
		{07D76A50-8969-4AC4-BF4B-BBACD416A306}.Release|Any CPU.ActiveCfg = Release|Any CPU
		{07D76A50-8969-4AC4-BF4B-BBACD416A306}.Release|Any CPU.Build.0 = Release|Any CPU
		{DF33D763-877A-4CA3-9A5E-66D65034C340}.Debug|Any CPU.ActiveCfg = Debug|Any CPU
		{DF33D763-877A-4CA3-9A5E-66D65034C340}.Debug|Any CPU.Build.0 = Debug|Any CPU
		{DF33D763-877A-4CA3-9A5E-66D65034C340}.Release|Any CPU.ActiveCfg = Release|Any CPU
		{DF33D763-877A-4CA3-9A5E-66D65034C340}.Release|Any CPU.Build.0 = Release|Any CPU
		{3EC5EC49-95B9-4CDE-9DCF-A6320E01E929}.Debug|Any CPU.ActiveCfg = Debug|Any CPU
		{3EC5EC49-95B9-4CDE-9DCF-A6320E01E929}.Debug|Any CPU.Build.0 = Debug|Any CPU
		{3EC5EC49-95B9-4CDE-9DCF-A6320E01E929}.Release|Any CPU.ActiveCfg = Release|Any CPU
		{3EC5EC49-95B9-4CDE-9DCF-A6320E01E929}.Release|Any CPU.Build.0 = Release|Any CPU
		{9E30EBC1-08C5-4030-999D-AEA77D599AC1}.Debug|Any CPU.ActiveCfg = Debug|Any CPU
		{9E30EBC1-08C5-4030-999D-AEA77D599AC1}.Debug|Any CPU.Build.0 = Debug|Any CPU
		{9E30EBC1-08C5-4030-999D-AEA77D599AC1}.Release|Any CPU.ActiveCfg = Release|Any CPU
		{9E30EBC1-08C5-4030-999D-AEA77D599AC1}.Release|Any CPU.Build.0 = Release|Any CPU
		{F01C7B24-7089-4F25-8834-A3C800F01D08}.Debug|Any CPU.ActiveCfg = Debug|Any CPU
		{F01C7B24-7089-4F25-8834-A3C800F01D08}.Debug|Any CPU.Build.0 = Debug|Any CPU
		{F01C7B24-7089-4F25-8834-A3C800F01D08}.Release|Any CPU.ActiveCfg = Release|Any CPU
		{F01C7B24-7089-4F25-8834-A3C800F01D08}.Release|Any CPU.Build.0 = Release|Any CPU
		{2CC2D280-EA91-4081-AF84-8286206B3DB5}.Debug|Any CPU.ActiveCfg = Debug|Any CPU
		{2CC2D280-EA91-4081-AF84-8286206B3DB5}.Debug|Any CPU.Build.0 = Debug|Any CPU
		{2CC2D280-EA91-4081-AF84-8286206B3DB5}.Release|Any CPU.ActiveCfg = Release|Any CPU
		{2CC2D280-EA91-4081-AF84-8286206B3DB5}.Release|Any CPU.Build.0 = Release|Any CPU
		{187E8D33-6144-41A6-82AE-8EE499DDFED1}.Debug|Any CPU.ActiveCfg = Debug|Any CPU
		{187E8D33-6144-41A6-82AE-8EE499DDFED1}.Debug|Any CPU.Build.0 = Debug|Any CPU
		{187E8D33-6144-41A6-82AE-8EE499DDFED1}.Release|Any CPU.ActiveCfg = Release|Any CPU
		{187E8D33-6144-41A6-82AE-8EE499DDFED1}.Release|Any CPU.Build.0 = Release|Any CPU
		{D7FB2459-493A-44A1-A13E-148DA17A7FCA}.Debug|Any CPU.ActiveCfg = Debug|Any CPU
		{D7FB2459-493A-44A1-A13E-148DA17A7FCA}.Debug|Any CPU.Build.0 = Debug|Any CPU
		{D7FB2459-493A-44A1-A13E-148DA17A7FCA}.Release|Any CPU.ActiveCfg = Release|Any CPU
		{D7FB2459-493A-44A1-A13E-148DA17A7FCA}.Release|Any CPU.Build.0 = Release|Any CPU
		{235D3363-9720-4BE8-A527-3AE19E6817FC}.Debug|Any CPU.ActiveCfg = Debug|Any CPU
		{235D3363-9720-4BE8-A527-3AE19E6817FC}.Debug|Any CPU.Build.0 = Debug|Any CPU
		{235D3363-9720-4BE8-A527-3AE19E6817FC}.Release|Any CPU.ActiveCfg = Release|Any CPU
		{235D3363-9720-4BE8-A527-3AE19E6817FC}.Release|Any CPU.Build.0 = Release|Any CPU
		{3527EAC9-108E-4449-B44C-312475E00D46}.Debug|Any CPU.ActiveCfg = Debug|Any CPU
		{3527EAC9-108E-4449-B44C-312475E00D46}.Debug|Any CPU.Build.0 = Debug|Any CPU
		{3527EAC9-108E-4449-B44C-312475E00D46}.Release|Any CPU.ActiveCfg = Release|Any CPU
		{3527EAC9-108E-4449-B44C-312475E00D46}.Release|Any CPU.Build.0 = Release|Any CPU
		{56B0D714-9E67-4885-83D9-68CDAB9F63C9}.Debug|Any CPU.ActiveCfg = Debug|Any CPU
		{56B0D714-9E67-4885-83D9-68CDAB9F63C9}.Debug|Any CPU.Build.0 = Debug|Any CPU
		{56B0D714-9E67-4885-83D9-68CDAB9F63C9}.Release|Any CPU.ActiveCfg = Release|Any CPU
		{56B0D714-9E67-4885-83D9-68CDAB9F63C9}.Release|Any CPU.Build.0 = Release|Any CPU
		{0006AA44-6872-45F6-BE6B-C8A7F63EAE81}.Debug|Any CPU.ActiveCfg = Debug|Any CPU
		{0006AA44-6872-45F6-BE6B-C8A7F63EAE81}.Debug|Any CPU.Build.0 = Debug|Any CPU
		{0006AA44-6872-45F6-BE6B-C8A7F63EAE81}.Release|Any CPU.ActiveCfg = Release|Any CPU
		{0006AA44-6872-45F6-BE6B-C8A7F63EAE81}.Release|Any CPU.Build.0 = Release|Any CPU
		{535B80BA-0903-4D0B-A292-0534F395CB1C}.Debug|Any CPU.ActiveCfg = Debug|Any CPU
		{535B80BA-0903-4D0B-A292-0534F395CB1C}.Debug|Any CPU.Build.0 = Debug|Any CPU
		{535B80BA-0903-4D0B-A292-0534F395CB1C}.Release|Any CPU.ActiveCfg = Release|Any CPU
		{535B80BA-0903-4D0B-A292-0534F395CB1C}.Release|Any CPU.Build.0 = Release|Any CPU
		{CFE22A2E-0EE4-4FB6-A5A4-342EEDFFA2F9}.Debug|Any CPU.ActiveCfg = Debug|Any CPU
		{CFE22A2E-0EE4-4FB6-A5A4-342EEDFFA2F9}.Debug|Any CPU.Build.0 = Debug|Any CPU
		{CFE22A2E-0EE4-4FB6-A5A4-342EEDFFA2F9}.Release|Any CPU.ActiveCfg = Release|Any CPU
		{CFE22A2E-0EE4-4FB6-A5A4-342EEDFFA2F9}.Release|Any CPU.Build.0 = Release|Any CPU
		{F2B8046F-8D1C-4304-A24D-05DEFE3CE391}.Debug|Any CPU.ActiveCfg = Debug|Any CPU
		{F2B8046F-8D1C-4304-A24D-05DEFE3CE391}.Debug|Any CPU.Build.0 = Debug|Any CPU
		{F2B8046F-8D1C-4304-A24D-05DEFE3CE391}.Release|Any CPU.ActiveCfg = Release|Any CPU
		{F2B8046F-8D1C-4304-A24D-05DEFE3CE391}.Release|Any CPU.Build.0 = Release|Any CPU
		{E056BCEE-55EE-47E3-B29E-09DC50058039}.Debug|Any CPU.ActiveCfg = Debug|Any CPU
		{E056BCEE-55EE-47E3-B29E-09DC50058039}.Debug|Any CPU.Build.0 = Debug|Any CPU
		{E056BCEE-55EE-47E3-B29E-09DC50058039}.Release|Any CPU.ActiveCfg = Release|Any CPU
		{E056BCEE-55EE-47E3-B29E-09DC50058039}.Release|Any CPU.Build.0 = Release|Any CPU
		{B94790F8-F43E-4B2F-B74A-5173304028BC}.Debug|Any CPU.ActiveCfg = Debug|Any CPU
		{B94790F8-F43E-4B2F-B74A-5173304028BC}.Debug|Any CPU.Build.0 = Debug|Any CPU
		{B94790F8-F43E-4B2F-B74A-5173304028BC}.Release|Any CPU.ActiveCfg = Release|Any CPU
		{B94790F8-F43E-4B2F-B74A-5173304028BC}.Release|Any CPU.Build.0 = Release|Any CPU
		{3F144FA7-97C9-4550-9171-17BA0CAC2DA9}.Debug|Any CPU.ActiveCfg = Debug|Any CPU
		{3F144FA7-97C9-4550-9171-17BA0CAC2DA9}.Debug|Any CPU.Build.0 = Debug|Any CPU
		{3F144FA7-97C9-4550-9171-17BA0CAC2DA9}.Release|Any CPU.ActiveCfg = Release|Any CPU
		{3F144FA7-97C9-4550-9171-17BA0CAC2DA9}.Release|Any CPU.Build.0 = Release|Any CPU
		{D9A7BD9F-1ECC-4EE2-AFE0-2C269C954539}.Debug|Any CPU.ActiveCfg = Debug|Any CPU
		{D9A7BD9F-1ECC-4EE2-AFE0-2C269C954539}.Debug|Any CPU.Build.0 = Debug|Any CPU
		{D9A7BD9F-1ECC-4EE2-AFE0-2C269C954539}.Release|Any CPU.ActiveCfg = Release|Any CPU
		{D9A7BD9F-1ECC-4EE2-AFE0-2C269C954539}.Release|Any CPU.Build.0 = Release|Any CPU
		{3623CEA1-FA9F-4419-9025-9A95939267E7}.Debug|Any CPU.ActiveCfg = Debug|Any CPU
		{3623CEA1-FA9F-4419-9025-9A95939267E7}.Debug|Any CPU.Build.0 = Debug|Any CPU
		{3623CEA1-FA9F-4419-9025-9A95939267E7}.Release|Any CPU.ActiveCfg = Release|Any CPU
		{3623CEA1-FA9F-4419-9025-9A95939267E7}.Release|Any CPU.Build.0 = Release|Any CPU
		{2355A990-BD78-46A1-B8DE-1F4D0CA3D834}.Debug|Any CPU.ActiveCfg = Debug|Any CPU
		{2355A990-BD78-46A1-B8DE-1F4D0CA3D834}.Debug|Any CPU.Build.0 = Debug|Any CPU
		{2355A990-BD78-46A1-B8DE-1F4D0CA3D834}.Release|Any CPU.ActiveCfg = Release|Any CPU
		{2355A990-BD78-46A1-B8DE-1F4D0CA3D834}.Release|Any CPU.Build.0 = Release|Any CPU
		{4A60ACA9-3E40-474A-A06E-4D766FD14BA4}.Debug|Any CPU.ActiveCfg = Debug|Any CPU
		{4A60ACA9-3E40-474A-A06E-4D766FD14BA4}.Debug|Any CPU.Build.0 = Debug|Any CPU
		{4A60ACA9-3E40-474A-A06E-4D766FD14BA4}.Release|Any CPU.ActiveCfg = Release|Any CPU
		{4A60ACA9-3E40-474A-A06E-4D766FD14BA4}.Release|Any CPU.Build.0 = Release|Any CPU
		{B332BD2A-79D1-4F7C-A98E-5B5118D0585A}.Debug|Any CPU.ActiveCfg = Debug|Any CPU
		{B332BD2A-79D1-4F7C-A98E-5B5118D0585A}.Debug|Any CPU.Build.0 = Debug|Any CPU
		{B332BD2A-79D1-4F7C-A98E-5B5118D0585A}.Release|Any CPU.ActiveCfg = Release|Any CPU
		{B332BD2A-79D1-4F7C-A98E-5B5118D0585A}.Release|Any CPU.Build.0 = Release|Any CPU
		{101F6ED8-6580-4276-A9DE-13451693605E}.Debug|Any CPU.ActiveCfg = Debug|Any CPU
		{101F6ED8-6580-4276-A9DE-13451693605E}.Debug|Any CPU.Build.0 = Debug|Any CPU
		{101F6ED8-6580-4276-A9DE-13451693605E}.Release|Any CPU.ActiveCfg = Release|Any CPU
		{101F6ED8-6580-4276-A9DE-13451693605E}.Release|Any CPU.Build.0 = Release|Any CPU
		{E8BE885A-288D-4CDE-A3A8-F41F9BA3DC80}.Debug|Any CPU.ActiveCfg = Debug|Any CPU
		{E8BE885A-288D-4CDE-A3A8-F41F9BA3DC80}.Debug|Any CPU.Build.0 = Debug|Any CPU
		{E8BE885A-288D-4CDE-A3A8-F41F9BA3DC80}.Release|Any CPU.ActiveCfg = Release|Any CPU
		{E8BE885A-288D-4CDE-A3A8-F41F9BA3DC80}.Release|Any CPU.Build.0 = Release|Any CPU
		{64AC16C7-F936-4DAA-9823-3AE92BFE0F7D}.Debug|Any CPU.ActiveCfg = Debug|Any CPU
		{64AC16C7-F936-4DAA-9823-3AE92BFE0F7D}.Debug|Any CPU.Build.0 = Debug|Any CPU
		{64AC16C7-F936-4DAA-9823-3AE92BFE0F7D}.Release|Any CPU.ActiveCfg = Release|Any CPU
		{64AC16C7-F936-4DAA-9823-3AE92BFE0F7D}.Release|Any CPU.Build.0 = Release|Any CPU
		{16F81DCD-E020-42BB-8D5D-A01558671637}.Debug|Any CPU.ActiveCfg = Debug|Any CPU
		{16F81DCD-E020-42BB-8D5D-A01558671637}.Debug|Any CPU.Build.0 = Debug|Any CPU
		{16F81DCD-E020-42BB-8D5D-A01558671637}.Release|Any CPU.ActiveCfg = Release|Any CPU
		{16F81DCD-E020-42BB-8D5D-A01558671637}.Release|Any CPU.Build.0 = Release|Any CPU
		{F1BEDEE2-AEE6-49C8-9D74-B9CA53D13125}.Debug|Any CPU.ActiveCfg = Debug|Any CPU
		{F1BEDEE2-AEE6-49C8-9D74-B9CA53D13125}.Debug|Any CPU.Build.0 = Debug|Any CPU
		{F1BEDEE2-AEE6-49C8-9D74-B9CA53D13125}.Release|Any CPU.ActiveCfg = Release|Any CPU
		{F1BEDEE2-AEE6-49C8-9D74-B9CA53D13125}.Release|Any CPU.Build.0 = Release|Any CPU
		{1507CC21-D3BF-4910-B8D6-7814C834E802}.Debug|Any CPU.ActiveCfg = Debug|Any CPU
		{1507CC21-D3BF-4910-B8D6-7814C834E802}.Debug|Any CPU.Build.0 = Debug|Any CPU
		{1507CC21-D3BF-4910-B8D6-7814C834E802}.Release|Any CPU.ActiveCfg = Release|Any CPU
		{1507CC21-D3BF-4910-B8D6-7814C834E802}.Release|Any CPU.Build.0 = Release|Any CPU
		{0C74BE4D-9838-4B17-B9C2-1089EC8354AA}.Debug|Any CPU.ActiveCfg = Debug|Any CPU
		{0C74BE4D-9838-4B17-B9C2-1089EC8354AA}.Debug|Any CPU.Build.0 = Debug|Any CPU
		{0C74BE4D-9838-4B17-B9C2-1089EC8354AA}.Release|Any CPU.ActiveCfg = Release|Any CPU
		{0C74BE4D-9838-4B17-B9C2-1089EC8354AA}.Release|Any CPU.Build.0 = Release|Any CPU
		{B28A5320-7E71-46F1-87DE-B62802E4C810}.Debug|Any CPU.ActiveCfg = Debug|Any CPU
		{B28A5320-7E71-46F1-87DE-B62802E4C810}.Debug|Any CPU.Build.0 = Debug|Any CPU
		{B28A5320-7E71-46F1-87DE-B62802E4C810}.Release|Any CPU.ActiveCfg = Release|Any CPU
		{B28A5320-7E71-46F1-87DE-B62802E4C810}.Release|Any CPU.Build.0 = Release|Any CPU
	EndGlobalSection
	GlobalSection(SolutionProperties) = preSolution
		HideSolutionNode = FALSE
	EndGlobalSection
	GlobalSection(ExtensibilityGlobals) = postSolution
		SolutionGuid = {E71B569E-900A-4557-931A-38DD2236C012}
	EndGlobalSection
EndGlobal
