
Microsoft Visual Studio Solution File, Format Version 12.00
# Visual Studio Version 17
VisualStudioVersion = 17.2.32526.322
MinimumVisualStudioVersion = 10.0.40219.1
Project("{9A19103F-16F7-4668-BE54-9A1E7A4F7556}") = "01.01.HelloApp", "01.01.HelloApp\01.01.HelloApp.csproj", "{D3B82657-53BF-4A66-82B7-9711ED8D96C3}"
EndProject
Project("{9A19103F-16F7-4668-BE54-9A1E7A4F7556}") = "01.02.ParametrsAndConst", "01.02.ParametrsAndConst\01.02.ParametrsAndConst.csproj", "{CD659C37-ECA1-4A94-B13C-030FDD44248A}"
EndProject
Project("{9A19103F-16F7-4668-BE54-9A1E7A4F7556}") = "01.03.Literals", "01.03.Literals\01.03.Literals.csproj", "{71874500-2D03-42DE-842F-1E170E692824}"
EndProject
Project("{9A19103F-16F7-4668-BE54-9A1E7A4F7556}") = "01.04.DataTypes", "01.04.DataTypes\01.04.DataTypes.csproj", "{14739492-C495-4660-AD23-0FABBACF7AB5}"
EndProject
Project("{9A19103F-16F7-4668-BE54-9A1E7A4F7556}") = "01.05.ConsoleIO", "01.05.ConsoleIO\01.05.ConsoleIO.csproj", "{203C8823-C3D4-4A8A-9F5D-191DF37FFE08}"
EndProject
Project("{FAE04EC0-301F-11D3-BF4B-00C04F79EFBC}") = "01.06.ArithmeticOperations", "01.06.ArithmeticOperations\01.06.ArithmeticOperations.csproj", "{7E3FBB99-D4CF-47E5-9F6B-82640E1E5639}"
EndProject
Project("{FAE04EC0-301F-11D3-BF4B-00C04F79EFBC}") = "01.07.BitwiseOperations", "01.07.BitwiseOperations\01.07.BitwiseOperations.csproj", "{80ADECFC-6825-4E85-9881-4C175C64D9E2}"
EndProject
Project("{FAE04EC0-301F-11D3-BF4B-00C04F79EFBC}") = "01.08.AssignmentOperations", "01.08.AssignmentOperations\01.08.AssignmentOperations.csproj", "{C8ADAA98-B3B7-4074-A783-1059ACA821CF}"
EndProject
Global
	GlobalSection(SolutionConfigurationPlatforms) = preSolution
		Debug|Any CPU = Debug|Any CPU
		Release|Any CPU = Release|Any CPU
	EndGlobalSection
	GlobalSection(ProjectConfigurationPlatforms) = postSolution
		{D3B82657-53BF-4A66-82B7-9711ED8D96C3}.Debug|Any CPU.ActiveCfg = Debug|Any CPU
		{D3B82657-53BF-4A66-82B7-9711ED8D96C3}.Debug|Any CPU.Build.0 = Debug|Any CPU
		{D3B82657-53BF-4A66-82B7-9711ED8D96C3}.Release|Any CPU.ActiveCfg = Release|Any CPU
		{D3B82657-53BF-4A66-82B7-9711ED8D96C3}.Release|Any CPU.Build.0 = Release|Any CPU
		{CD659C37-ECA1-4A94-B13C-030FDD44248A}.Debug|Any CPU.ActiveCfg = Debug|Any CPU
		{CD659C37-ECA1-4A94-B13C-030FDD44248A}.Debug|Any CPU.Build.0 = Debug|Any CPU
		{CD659C37-ECA1-4A94-B13C-030FDD44248A}.Release|Any CPU.ActiveCfg = Release|Any CPU
		{CD659C37-ECA1-4A94-B13C-030FDD44248A}.Release|Any CPU.Build.0 = Release|Any CPU
		{71874500-2D03-42DE-842F-1E170E692824}.Debug|Any CPU.ActiveCfg = Debug|Any CPU
		{71874500-2D03-42DE-842F-1E170E692824}.Debug|Any CPU.Build.0 = Debug|Any CPU
		{71874500-2D03-42DE-842F-1E170E692824}.Release|Any CPU.ActiveCfg = Release|Any CPU
		{71874500-2D03-42DE-842F-1E170E692824}.Release|Any CPU.Build.0 = Release|Any CPU
		{14739492-C495-4660-AD23-0FABBACF7AB5}.Debug|Any CPU.ActiveCfg = Debug|Any CPU
		{14739492-C495-4660-AD23-0FABBACF7AB5}.Debug|Any CPU.Build.0 = Debug|Any CPU
		{14739492-C495-4660-AD23-0FABBACF7AB5}.Release|Any CPU.ActiveCfg = Release|Any CPU
		{14739492-C495-4660-AD23-0FABBACF7AB5}.Release|Any CPU.Build.0 = Release|Any CPU
		{203C8823-C3D4-4A8A-9F5D-191DF37FFE08}.Debug|Any CPU.ActiveCfg = Debug|Any CPU
		{203C8823-C3D4-4A8A-9F5D-191DF37FFE08}.Debug|Any CPU.Build.0 = Debug|Any CPU
		{203C8823-C3D4-4A8A-9F5D-191DF37FFE08}.Release|Any CPU.ActiveCfg = Release|Any CPU
		{203C8823-C3D4-4A8A-9F5D-191DF37FFE08}.Release|Any CPU.Build.0 = Release|Any CPU
		{7E3FBB99-D4CF-47E5-9F6B-82640E1E5639}.Debug|Any CPU.ActiveCfg = Debug|Any CPU
		{7E3FBB99-D4CF-47E5-9F6B-82640E1E5639}.Debug|Any CPU.Build.0 = Debug|Any CPU
		{7E3FBB99-D4CF-47E5-9F6B-82640E1E5639}.Release|Any CPU.ActiveCfg = Release|Any CPU
		{7E3FBB99-D4CF-47E5-9F6B-82640E1E5639}.Release|Any CPU.Build.0 = Release|Any CPU
		{80ADECFC-6825-4E85-9881-4C175C64D9E2}.Debug|Any CPU.ActiveCfg = Debug|Any CPU
		{80ADECFC-6825-4E85-9881-4C175C64D9E2}.Debug|Any CPU.Build.0 = Debug|Any CPU
		{80ADECFC-6825-4E85-9881-4C175C64D9E2}.Release|Any CPU.ActiveCfg = Release|Any CPU
		{80ADECFC-6825-4E85-9881-4C175C64D9E2}.Release|Any CPU.Build.0 = Release|Any CPU
		{C8ADAA98-B3B7-4074-A783-1059ACA821CF}.Debug|Any CPU.ActiveCfg = Debug|Any CPU
		{C8ADAA98-B3B7-4074-A783-1059ACA821CF}.Debug|Any CPU.Build.0 = Debug|Any CPU
		{C8ADAA98-B3B7-4074-A783-1059ACA821CF}.Release|Any CPU.ActiveCfg = Release|Any CPU
		{C8ADAA98-B3B7-4074-A783-1059ACA821CF}.Release|Any CPU.Build.0 = Release|Any CPU
	EndGlobalSection
	GlobalSection(SolutionProperties) = preSolution
		HideSolutionNode = FALSE
	EndGlobalSection
	GlobalSection(ExtensibilityGlobals) = postSolution
		SolutionGuid = {E71B569E-900A-4557-931A-38DD2236C012}
	EndGlobalSection
EndGlobal
